
Microsoft Visual Studio Solution File, Format Version 12.00
# Visual Studio Version 16
VisualStudioVersion = 16.0.31911.196
MinimumVisualStudioVersion = 10.0.40219.1
Project("{FAE04EC0-301F-11D3-BF4B-00C04F79EFBC}") = "sozluk", "sozluk\sozluk.csproj", "{A64C43B3-FCBE-469F-A405-1D133F28ABF3}"
EndProject
Global
	GlobalSection(SolutionConfigurationPlatforms) = preSolution
		Debug|Any CPU = Debug|Any CPU
		Release|Any CPU = Release|Any CPU
	EndGlobalSection
	GlobalSection(ProjectConfigurationPlatforms) = postSolution
		{A64C43B3-FCBE-469F-A405-1D133F28ABF3}.Debug|Any CPU.ActiveCfg = Debug|Any CPU
		{A64C43B3-FCBE-469F-A405-1D133F28ABF3}.Debug|Any CPU.Build.0 = Debug|Any CPU
		{A64C43B3-FCBE-469F-A405-1D133F28ABF3}.Release|Any CPU.ActiveCfg = Release|Any CPU
		{A64C43B3-FCBE-469F-A405-1D133F28ABF3}.Release|Any CPU.Build.0 = Release|Any CPU
	EndGlobalSection
	GlobalSection(SolutionProperties) = preSolution
		HideSolutionNode = FALSE
	EndGlobalSection
	GlobalSection(ExtensibilityGlobals) = postSolution
		SolutionGuid = {7FD977D0-B8A7-43C8-956E-FCF9FCFBD989}
	EndGlobalSection
EndGlobal
